
Microsoft Visual Studio Solution File, Format Version 12.00
Project("{FAE04EC0-301F-11D3-BF4B-00C04F79EFBC}") = "SDKCompac", "SDKCompac\SDKCompac.csproj", "{334902B7-316C-4CB1-B3B1-3BE66D083258}"
EndProject
Project("{FAE04EC0-301F-11D3-BF4B-00C04F79EFBC}") = "Prueba SKD", "Prueba SKD\Prueba SKD.csproj", "{75CC01BB-52C1-4049-BAB5-A6AA86E89DBD}"
EndProject
Global
	GlobalSection(SolutionConfigurationPlatforms) = preSolution
		Debug|Any CPU = Debug|Any CPU
		Release|Any CPU = Release|Any CPU
	EndGlobalSection
	GlobalSection(ProjectConfigurationPlatforms) = postSolution
		{334902B7-316C-4CB1-B3B1-3BE66D083258}.Debug|Any CPU.ActiveCfg = Debug|Any CPU
		{334902B7-316C-4CB1-B3B1-3BE66D083258}.Debug|Any CPU.Build.0 = Debug|Any CPU
		{334902B7-316C-4CB1-B3B1-3BE66D083258}.Release|Any CPU.ActiveCfg = Release|Any CPU
		{334902B7-316C-4CB1-B3B1-3BE66D083258}.Release|Any CPU.Build.0 = Release|Any CPU
		{75CC01BB-52C1-4049-BAB5-A6AA86E89DBD}.Debug|Any CPU.ActiveCfg = Debug|Any CPU
		{75CC01BB-52C1-4049-BAB5-A6AA86E89DBD}.Debug|Any CPU.Build.0 = Debug|Any CPU
		{75CC01BB-52C1-4049-BAB5-A6AA86E89DBD}.Release|Any CPU.ActiveCfg = Release|Any CPU
		{75CC01BB-52C1-4049-BAB5-A6AA86E89DBD}.Release|Any CPU.Build.0 = Release|Any CPU
	EndGlobalSection
EndGlobal
