
Microsoft Visual Studio Solution File, Format Version 12.00
# Visual Studio 15
VisualStudioVersion = 15.0.27703.2018
MinimumVisualStudioVersion = 10.0.40219.1
Project("{FAE04EC0-301F-11D3-BF4B-00C04F79EFBC}") = "SDKCompac", "SDKCompac\SDKCompac.csproj", "{334902B7-316C-4CB1-B3B1-3BE66D083258}"
EndProject
Project("{FAE04EC0-301F-11D3-BF4B-00C04F79EFBC}") = "UsoSDK", "UsoSDK\UsoSDK.csproj", "{50143D9D-6C1B-4ADA-A8DD-0DDC0DB29FB6}"
EndProject
Project("{FAE04EC0-301F-11D3-BF4B-00C04F79EFBC}") = "Prueba SDK", "Prueba SDK\Prueba SDK.csproj", "{75CC01BB-52C1-4049-BAB5-A6AA86E89DBD}"
EndProject
Global
	GlobalSection(SolutionConfigurationPlatforms) = preSolution
		Debug|Any CPU = Debug|Any CPU
		Release|Any CPU = Release|Any CPU
	EndGlobalSection
	GlobalSection(ProjectConfigurationPlatforms) = postSolution
		{334902B7-316C-4CB1-B3B1-3BE66D083258}.Debug|Any CPU.ActiveCfg = Debug|Any CPU
		{334902B7-316C-4CB1-B3B1-3BE66D083258}.Debug|Any CPU.Build.0 = Debug|Any CPU
		{334902B7-316C-4CB1-B3B1-3BE66D083258}.Release|Any CPU.ActiveCfg = Release|Any CPU
		{334902B7-316C-4CB1-B3B1-3BE66D083258}.Release|Any CPU.Build.0 = Release|Any CPU
		{50143D9D-6C1B-4ADA-A8DD-0DDC0DB29FB6}.Debug|Any CPU.ActiveCfg = Debug|Any CPU
		{50143D9D-6C1B-4ADA-A8DD-0DDC0DB29FB6}.Debug|Any CPU.Build.0 = Debug|Any CPU
		{50143D9D-6C1B-4ADA-A8DD-0DDC0DB29FB6}.Release|Any CPU.ActiveCfg = Release|Any CPU
		{50143D9D-6C1B-4ADA-A8DD-0DDC0DB29FB6}.Release|Any CPU.Build.0 = Release|Any CPU
		{75CC01BB-52C1-4049-BAB5-A6AA86E89DBD}.Debug|Any CPU.ActiveCfg = Debug|Any CPU
		{75CC01BB-52C1-4049-BAB5-A6AA86E89DBD}.Debug|Any CPU.Build.0 = Debug|Any CPU
		{75CC01BB-52C1-4049-BAB5-A6AA86E89DBD}.Release|Any CPU.ActiveCfg = Release|Any CPU
		{75CC01BB-52C1-4049-BAB5-A6AA86E89DBD}.Release|Any CPU.Build.0 = Release|Any CPU
	EndGlobalSection
	GlobalSection(SolutionProperties) = preSolution
		HideSolutionNode = FALSE
	EndGlobalSection
	GlobalSection(ExtensibilityGlobals) = postSolution
		SolutionGuid = {9AF34CE4-9379-4158-8406-9BF5214823A9}
	EndGlobalSection
EndGlobal
